// !$*UTF8*$!
{
	archiveVersion = 1;
	classes = {
	};
	objectVersion = 50;
	objects = {

/* Begin PBXBuildFile section */
		9913DF8E271C8E3000213D19 /* UIView++Pin.swift in Sources */ = {isa = PBXBuildFile; fileRef = 9913DF8D271C8E3000213D19 /* UIView++Pin.swift */; };
		99680AB226FCAC0200FDC8E7 /* AppDelegate.swift in Sources */ = {isa = PBXBuildFile; fileRef = 99680AB126FCAC0200FDC8E7 /* AppDelegate.swift */; };
		99680AB426FCAC0200FDC8E7 /* SceneDelegate.swift in Sources */ = {isa = PBXBuildFile; fileRef = 99680AB326FCAC0200FDC8E7 /* SceneDelegate.swift */; };
		99680AB626FCAC0200FDC8E7 /* ViewController.swift in Sources */ = {isa = PBXBuildFile; fileRef = 99680AB526FCAC0200FDC8E7 /* ViewController.swift */; };
		99680ABB26FCAC0300FDC8E7 /* Assets.xcassets in Resources */ = {isa = PBXBuildFile; fileRef = 99680ABA26FCAC0300FDC8E7 /* Assets.xcassets */; };
		99680ABE26FCAC0300FDC8E7 /* LaunchScreen.storyboard in Resources */ = {isa = PBXBuildFile; fileRef = 99680ABC26FCAC0300FDC8E7 /* LaunchScreen.storyboard */; };
		99680ACA26FCFCB500FDC8E7 /* UIColor++Hex.swift in Sources */ = {isa = PBXBuildFile; fileRef = 99680AC926FCFCB500FDC8E7 /* UIColor++Hex.swift */; };
		99680ACC26FD082900FDC8E7 /* ViewController++locationManager.swift in Sources */ = {isa = PBXBuildFile; fileRef = 99680ACB26FD082900FDC8E7 /* ViewController++locationManager.swift */; };
		99680ACE26FD0A7000FDC8E7 /* SettingsViewController.swift in Sources */ = {isa = PBXBuildFile; fileRef = 99680ACD26FD0A7000FDC8E7 /* SettingsViewController.swift */; };
/* End PBXBuildFile section */

/* Begin PBXFileReference section */
		9913DF8D271C8E3000213D19 /* UIView++Pin.swift */ = {isa = PBXFileReference; lastKnownFileType = sourcecode.swift; path = "UIView++Pin.swift"; sourceTree = "<group>"; };
		99680AAE26FCAC0200FDC8E7 /* yaulyanenkovPW2.app */ = {isa = PBXFileReference; explicitFileType = wrapper.application; includeInIndex = 0; path = yaulyanenkovPW2.app; sourceTree = BUILT_PRODUCTS_DIR; };
		99680AB126FCAC0200FDC8E7 /* AppDelegate.swift */ = {isa = PBXFileReference; lastKnownFileType = sourcecode.swift; path = AppDelegate.swift; sourceTree = "<group>"; };
		99680AB326FCAC0200FDC8E7 /* SceneDelegate.swift */ = {isa = PBXFileReference; lastKnownFileType = sourcecode.swift; path = SceneDelegate.swift; sourceTree = "<group>"; };
		99680AB526FCAC0200FDC8E7 /* ViewController.swift */ = {isa = PBXFileReference; lastKnownFileType = sourcecode.swift; path = ViewController.swift; sourceTree = "<group>"; };
		99680ABA26FCAC0300FDC8E7 /* Assets.xcassets */ = {isa = PBXFileReference; lastKnownFileType = folder.assetcatalog; path = Assets.xcassets; sourceTree = "<group>"; };
		99680ABD26FCAC0300FDC8E7 /* Base */ = {isa = PBXFileReference; lastKnownFileType = file.storyboard; name = Base; path = Base.lproj/LaunchScreen.storyboard; sourceTree = "<group>"; };
		99680ABF26FCAC0300FDC8E7 /* Info.plist */ = {isa = PBXFileReference; lastKnownFileType = text.plist.xml; path = Info.plist; sourceTree = "<group>"; };
		99680AC926FCFCB500FDC8E7 /* UIColor++Hex.swift */ = {isa = PBXFileReference; lastKnownFileType = sourcecode.swift; path = "UIColor++Hex.swift"; sourceTree = "<group>"; };
		99680ACB26FD082900FDC8E7 /* ViewController++locationManager.swift */ = {isa = PBXFileReference; lastKnownFileType = sourcecode.swift; path = "ViewController++locationManager.swift"; sourceTree = "<group>"; };
		99680ACD26FD0A7000FDC8E7 /* SettingsViewController.swift */ = {isa = PBXFileReference; lastKnownFileType = sourcecode.swift; path = SettingsViewController.swift; sourceTree = "<group>"; };
/* End PBXFileReference section */

/* Begin PBXFrameworksBuildPhase section */
		99680AAB26FCAC0200FDC8E7 /* Frameworks */ = {
			isa = PBXFrameworksBuildPhase;
			buildActionMask = 2147483647;
			files = (
			);
			runOnlyForDeploymentPostprocessing = 0;
		};
/* End PBXFrameworksBuildPhase section */

/* Begin PBXGroup section */
		99680AA526FCAC0200FDC8E7 = {
			isa = PBXGroup;
			children = (
				99680AB026FCAC0200FDC8E7 /* yaulyanenkovPW2 */,
				99680AAF26FCAC0200FDC8E7 /* Products */,
			);
			sourceTree = "<group>";
		};
		99680AAF26FCAC0200FDC8E7 /* Products */ = {
			isa = PBXGroup;
			children = (
				99680AAE26FCAC0200FDC8E7 /* yaulyanenkovPW2.app */,
			);
			name = Products;
			sourceTree = "<group>";
		};
		99680AB026FCAC0200FDC8E7 /* yaulyanenkovPW2 */ = {
			isa = PBXGroup;
			children = (
				99680ACD26FD0A7000FDC8E7 /* SettingsViewController.swift */,
				99680AB126FCAC0200FDC8E7 /* AppDelegate.swift */,
				99680AB326FCAC0200FDC8E7 /* SceneDelegate.swift */,
				99680AB526FCAC0200FDC8E7 /* ViewController.swift */,
				99680ABA26FCAC0300FDC8E7 /* Assets.xcassets */,
				99680ABC26FCAC0300FDC8E7 /* LaunchScreen.storyboard */,
				99680ABF26FCAC0300FDC8E7 /* Info.plist */,
				99680AC926FCFCB500FDC8E7 /* UIColor++Hex.swift */,
				99680ACB26FD082900FDC8E7 /* ViewController++locationManager.swift */,
				9913DF8D271C8E3000213D19 /* UIView++Pin.swift */,
			);
			path = yaulyanenkovPW2;
			sourceTree = "<group>";
		};
/* End PBXGroup section */

/* Begin PBXNativeTarget section */
		99680AAD26FCAC0200FDC8E7 /* yaulyanenkovPW2 */ = {
			isa = PBXNativeTarget;
			buildConfigurationList = 99680AC226FCAC0300FDC8E7 /* Build configuration list for PBXNativeTarget "yaulyanenkovPW2" */;
			buildPhases = (
				99680AAA26FCAC0200FDC8E7 /* Sources */,
				99680AAB26FCAC0200FDC8E7 /* Frameworks */,
				99680AAC26FCAC0200FDC8E7 /* Resources */,
			);
			buildRules = (
			);
			dependencies = (
			);
			name = yaulyanenkovPW2;
			productName = yaulyanenkovPW2;
			productReference = 99680AAE26FCAC0200FDC8E7 /* yaulyanenkovPW2.app */;
			productType = "com.apple.product-type.application";
		};
/* End PBXNativeTarget section */

/* Begin PBXProject section */
		99680AA626FCAC0200FDC8E7 /* Project object */ = {
			isa = PBXProject;
			attributes = {
				LastSwiftUpdateCheck = 1250;
				LastUpgradeCheck = 1250;
				TargetAttributes = {
					99680AAD26FCAC0200FDC8E7 = {
						CreatedOnToolsVersion = 12.5.1;
					};
				};
			};
			buildConfigurationList = 99680AA926FCAC0200FDC8E7 /* Build configuration list for PBXProject "yaulyanenkovPW2" */;
			compatibilityVersion = "Xcode 9.3";
			developmentRegion = en;
			hasScannedForEncodings = 0;
			knownRegions = (
				en,
				Base,
			);
			mainGroup = 99680AA526FCAC0200FDC8E7;
			productRefGroup = 99680AAF26FCAC0200FDC8E7 /* Products */;
			projectDirPath = "";
			projectRoot = "";
			targets = (
				99680AAD26FCAC0200FDC8E7 /* yaulyanenkovPW2 */,
			);
		};
/* End PBXProject section */

/* Begin PBXResourcesBuildPhase section */
		99680AAC26FCAC0200FDC8E7 /* Resources */ = {
			isa = PBXResourcesBuildPhase;
			buildActionMask = 2147483647;
			files = (
				99680ABE26FCAC0300FDC8E7 /* LaunchScreen.storyboard in Resources */,
				99680ABB26FCAC0300FDC8E7 /* Assets.xcassets in Resources */,
			);
			runOnlyForDeploymentPostprocessing = 0;
		};
/* End PBXResourcesBuildPhase section */

/* Begin PBXSourcesBuildPhase section */
		99680AAA26FCAC0200FDC8E7 /* Sources */ = {
			isa = PBXSourcesBuildPhase;
			buildActionMask = 2147483647;
			files = (
				99680AB626FCAC0200FDC8E7 /* ViewController.swift in Sources */,
				9913DF8E271C8E3000213D19 /* UIView++Pin.swift in Sources */,
				99680ACC26FD082900FDC8E7 /* ViewController++locationManager.swift in Sources */,
				99680ACE26FD0A7000FDC8E7 /* SettingsViewController.swift in Sources */,
				99680AB226FCAC0200FDC8E7 /* AppDelegate.swift in Sources */,
				99680ACA26FCFCB500FDC8E7 /* UIColor++Hex.swift in Sources */,
				99680AB426FCAC0200FDC8E7 /* SceneDelegate.swift in Sources */,
			);
			runOnlyForDeploymentPostprocessing = 0;
		};
/* End PBXSourcesBuildPhase section */

/* Begin PBXVariantGroup section */
		99680ABC26FCAC0300FDC8E7 /* LaunchScreen.storyboard */ = {
			isa = PBXVariantGroup;
			children = (
				99680ABD26FCAC0300FDC8E7 /* Base */,
			);
			name = LaunchScreen.storyboard;
			sourceTree = "<group>";
		};
/* End PBXVariantGroup section */

/* Begin XCBuildConfiguration section */
		99680AC026FCAC0300FDC8E7 /* Debug */ = {
			isa = XCBuildConfiguration;
			buildSettings = {
				ALWAYS_SEARCH_USER_PATHS = NO;
				CLANG_ANALYZER_NONNULL = YES;
				CLANG_ANALYZER_NUMBER_OBJECT_CONVERSION = YES_AGGRESSIVE;
				CLANG_CXX_LANGUAGE_STANDARD = "gnu++14";
				CLANG_CXX_LIBRARY = "libc++";
				CLANG_ENABLE_MODULES = YES;
				CLANG_ENABLE_OBJC_ARC = YES;
				CLANG_ENABLE_OBJC_WEAK = YES;
				CLANG_WARN_BLOCK_CAPTURE_AUTORELEASING = YES;
				CLANG_WARN_BOOL_CONVERSION = YES;
				CLANG_WARN_COMMA = YES;
				CLANG_WARN_CONSTANT_CONVERSION = YES;
				CLANG_WARN_DEPRECATED_OBJC_IMPLEMENTATIONS = YES;
				CLANG_WARN_DIRECT_OBJC_ISA_USAGE = YES_ERROR;
				CLANG_WARN_DOCUMENTATION_COMMENTS = YES;
				CLANG_WARN_EMPTY_BODY = YES;
				CLANG_WARN_ENUM_CONVERSION = YES;
				CLANG_WARN_INFINITE_RECURSION = YES;
				CLANG_WARN_INT_CONVERSION = YES;
				CLANG_WARN_NON_LITERAL_NULL_CONVERSION = YES;
				CLANG_WARN_OBJC_IMPLICIT_RETAIN_SELF = YES;
				CLANG_WARN_OBJC_LITERAL_CONVERSION = YES;
				CLANG_WARN_OBJC_ROOT_CLASS = YES_ERROR;
				CLANG_WARN_QUOTED_INCLUDE_IN_FRAMEWORK_HEADER = YES;
				CLANG_WARN_RANGE_LOOP_ANALYSIS = YES;
				CLANG_WARN_STRICT_PROTOTYPES = YES;
				CLANG_WARN_SUSPICIOUS_MOVE = YES;
				CLANG_WARN_UNGUARDED_AVAILABILITY = YES_AGGRESSIVE;
				CLANG_WARN_UNREACHABLE_CODE = YES;
				CLANG_WARN__DUPLICATE_METHOD_MATCH = YES;
				COPY_PHASE_STRIP = NO;
				DEBUG_INFORMATION_FORMAT = dwarf;
				ENABLE_STRICT_OBJC_MSGSEND = YES;
				ENABLE_TESTABILITY = YES;
				GCC_C_LANGUAGE_STANDARD = gnu11;
				GCC_DYNAMIC_NO_PIC = NO;
				GCC_NO_COMMON_BLOCKS = YES;
				GCC_OPTIMIZATION_LEVEL = 0;
				GCC_PREPROCESSOR_DEFINITIONS = (
					"DEBUG=1",
					"$(inherited)",
				);
				GCC_WARN_64_TO_32_BIT_CONVERSION = YES;
				GCC_WARN_ABOUT_RETURN_TYPE = YES_ERROR;
				GCC_WARN_UNDECLARED_SELECTOR = YES;
				GCC_WARN_UNINITIALIZED_AUTOS = YES_AGGRESSIVE;
				GCC_WARN_UNUSED_FUNCTION = YES;
				GCC_WARN_UNUSED_VARIABLE = YES;
				IPHONEOS_DEPLOYMENT_TARGET = 14.5;
				MTL_ENABLE_DEBUG_INFO = INCLUDE_SOURCE;
				MTL_FAST_MATH = YES;
				ONLY_ACTIVE_ARCH = YES;
				SDKROOT = iphoneos;
				SWIFT_ACTIVE_COMPILATION_CONDITIONS = DEBUG;
				SWIFT_OPTIMIZATION_LEVEL = "-Onone";
			};
			name = Debug;
		};
		99680AC126FCAC0300FDC8E7 /* Release */ = {
			isa = XCBuildConfiguration;
			buildSettings = {
				ALWAYS_SEARCH_USER_PATHS = NO;
				CLANG_ANALYZER_NONNULL = YES;
				CLANG_ANALYZER_NUMBER_OBJECT_CONVERSION = YES_AGGRESSIVE;
				CLANG_CXX_LANGUAGE_STANDARD = "gnu++14";
				CLANG_CXX_LIBRARY = "libc++";
				CLANG_ENABLE_MODULES = YES;
				CLANG_ENABLE_OBJC_ARC = YES;
				CLANG_ENABLE_OBJC_WEAK = YES;
				CLANG_WARN_BLOCK_CAPTURE_AUTORELEASING = YES;
				CLANG_WARN_BOOL_CONVERSION = YES;
				CLANG_WARN_COMMA = YES;
				CLANG_WARN_CONSTANT_CONVERSION = YES;
				CLANG_WARN_DEPRECATED_OBJC_IMPLEMENTATIONS = YES;
				CLANG_WARN_DIRECT_OBJC_ISA_USAGE = YES_ERROR;
				CLANG_WARN_DOCUMENTATION_COMMENTS = YES;
				CLANG_WARN_EMPTY_BODY = YES;
				CLANG_WARN_ENUM_CONVERSION = YES;
				CLANG_WARN_INFINITE_RECURSION = YES;
				CLANG_WARN_INT_CONVERSION = YES;
				CLANG_WARN_NON_LITERAL_NULL_CONVERSION = YES;
				CLANG_WARN_OBJC_IMPLICIT_RETAIN_SELF = YES;
				CLANG_WARN_OBJC_LITERAL_CONVERSION = YES;
				CLANG_WARN_OBJC_ROOT_CLASS = YES_ERROR;
				CLANG_WARN_QUOTED_INCLUDE_IN_FRAMEWORK_HEADER = YES;
				CLANG_WARN_RANGE_LOOP_ANALYSIS = YES;
				CLANG_WARN_STRICT_PROTOTYPES = YES;
				CLANG_WARN_SUSPICIOUS_MOVE = YES;
				CLANG_WARN_UNGUARDED_AVAILABILITY = YES_AGGRESSIVE;
				CLANG_WARN_UNREACHABLE_CODE = YES;
				CLANG_WARN__DUPLICATE_METHOD_MATCH = YES;
				COPY_PHASE_STRIP = NO;
				DEBUG_INFORMATION_FORMAT = "dwarf-with-dsym";
				ENABLE_NS_ASSERTIONS = NO;
				ENABLE_STRICT_OBJC_MSGSEND = YES;
				GCC_C_LANGUAGE_STANDARD = gnu11;
				GCC_NO_COMMON_BLOCKS = YES;
				GCC_WARN_64_TO_32_BIT_CONVERSION = YES;
				GCC_WARN_ABOUT_RETURN_TYPE = YES_ERROR;
				GCC_WARN_UNDECLARED_SELECTOR = YES;
				GCC_WARN_UNINITIALIZED_AUTOS = YES_AGGRESSIVE;
				GCC_WARN_UNUSED_FUNCTION = YES;
				GCC_WARN_UNUSED_VARIABLE = YES;
				IPHONEOS_DEPLOYMENT_TARGET = 14.5;
				MTL_ENABLE_DEBUG_INFO = NO;
				MTL_FAST_MATH = YES;
				SDKROOT = iphoneos;
				SWIFT_COMPILATION_MODE = wholemodule;
				SWIFT_OPTIMIZATION_LEVEL = "-O";
				VALIDATE_PRODUCT = YES;
			};
			name = Release;
		};
		99680AC326FCAC0300FDC8E7 /* Debug */ = {
			isa = XCBuildConfiguration;
			buildSettings = {
				ASSETCATALOG_COMPILER_APPICON_NAME = AppIcon;
				ASSETCATALOG_COMPILER_GLOBAL_ACCENT_COLOR_NAME = AccentColor;
				CODE_SIGN_STYLE = Automatic;
				DEVELOPMENT_TEAM = W854V7BR4R;
				INFOPLIST_FILE = yaulyanenkovPW2/Info.plist;
				LD_RUNPATH_SEARCH_PATHS = (
					"$(inherited)",
					"@executable_path/Frameworks",
				);
				PRODUCT_BUNDLE_IDENTIFIER = hse.yaulyanenkovPW2;
				PRODUCT_NAME = "$(TARGET_NAME)";
				SWIFT_VERSION = 5.0;
				TARGETED_DEVICE_FAMILY = "1,2";
			};
			name = Debug;
		};
		99680AC426FCAC0300FDC8E7 /* Release */ = {
			isa = XCBuildConfiguration;
			buildSettings = {
				ASSETCATALOG_COMPILER_APPICON_NAME = AppIcon;
				ASSETCATALOG_COMPILER_GLOBAL_ACCENT_COLOR_NAME = AccentColor;
				CODE_SIGN_STYLE = Automatic;
				DEVELOPMENT_TEAM = W854V7BR4R;
				INFOPLIST_FILE = yaulyanenkovPW2/Info.plist;
				LD_RUNPATH_SEARCH_PATHS = (
					"$(inherited)",
					"@executable_path/Frameworks",
				);
				PRODUCT_BUNDLE_IDENTIFIER = hse.yaulyanenkovPW2;
				PRODUCT_NAME = "$(TARGET_NAME)";
				SWIFT_VERSION = 5.0;
				TARGETED_DEVICE_FAMILY = "1,2";
			};
			name = Release;
		};
/* End XCBuildConfiguration section */

/* Begin XCConfigurationList section */
		99680AA926FCAC0200FDC8E7 /* Build configuration list for PBXProject "yaulyanenkovPW2" */ = {
			isa = XCConfigurationList;
			buildConfigurations = (
				99680AC026FCAC0300FDC8E7 /* Debug */,
				99680AC126FCAC0300FDC8E7 /* Release */,
			);
			defaultConfigurationIsVisible = 0;
			defaultConfigurationName = Release;
		};
		99680AC226FCAC0300FDC8E7 /* Build configuration list for PBXNativeTarget "yaulyanenkovPW2" */ = {
			isa = XCConfigurationList;
			buildConfigurations = (
				99680AC326FCAC0300FDC8E7 /* Debug */,
				99680AC426FCAC0300FDC8E7 /* Release */,
			);
			defaultConfigurationIsVisible = 0;
			defaultConfigurationName = Release;
		};
/* End XCConfigurationList section */
	};
	rootObject = 99680AA626FCAC0200FDC8E7 /* Project object */;
}
